// !$*UTF8*$!
{
	archiveVersion = 1;
	classes = {
	};
	objectVersion = 46;
	objects = {

/* Begin PBXBuildFile section */
		28A785B31BC3148E00E309E5 /* ShotViewController.m in Sources */ = {isa = PBXBuildFile; fileRef = 28A785B21BC3148E00E309E5 /* ShotViewController.m */; };
		28B4C1E71BC2F90C0059C73B /* ListRecentShotsViewController.m in Sources */ = {isa = PBXBuildFile; fileRef = 28B4C1E61BC2F90C0059C73B /* ListRecentShotsViewController.m */; };
		8975A2551BB337510012C1E1 /* Main.storyboard in Resources */ = {isa = PBXBuildFile; fileRef = 8975A2531BB337510012C1E1 /* Main.storyboard */; };
		8975A2591BB3397A0012C1E1 /* ShotModel.m in Sources */ = {isa = PBXBuildFile; fileRef = 8975A2581BB3397A0012C1E1 /* ShotModel.m */; };
		8975A25C1BB33DC10012C1E1 /* Services.m in Sources */ = {isa = PBXBuildFile; fileRef = 8975A25B1BB33DC10012C1E1 /* Services.m */; };
		8975A2601BB33FE20012C1E1 /* ShotsService.m in Sources */ = {isa = PBXBuildFile; fileRef = 8975A25F1BB33FE20012C1E1 /* ShotsService.m */; };
		8975A2631BB347EE0012C1E1 /* ListPopularShotsViewController.m in Sources */ = {isa = PBXBuildFile; fileRef = 8975A2621BB347EE0012C1E1 /* ListPopularShotsViewController.m */; };
		8981DCB21BB5ABA400AD9749 /* ShotCollectionViewCell.m in Sources */ = {isa = PBXBuildFile; fileRef = 8981DCB11BB5ABA400AD9749 /* ShotCollectionViewCell.m */; };
		89B5FA471BBB3201007668F6 /* ShotCollectionViewCell.xib in Resources */ = {isa = PBXBuildFile; fileRef = 89B5FA461BBB3201007668F6 /* ShotCollectionViewCell.xib */; };
		89C8F45E1BC565E7006943DA /* JSONModel.m in Sources */ = {isa = PBXBuildFile; fileRef = 89C8F4471BC565E7006943DA /* JSONModel.m */; };
		89C8F45F1BC565E7006943DA /* JSONModelArray.m in Sources */ = {isa = PBXBuildFile; fileRef = 89C8F4491BC565E7006943DA /* JSONModelArray.m */; };
		89C8F4601BC565E7006943DA /* JSONModelClassProperty.m in Sources */ = {isa = PBXBuildFile; fileRef = 89C8F44B1BC565E7006943DA /* JSONModelClassProperty.m */; };
		89C8F4611BC565E7006943DA /* JSONModelError.m in Sources */ = {isa = PBXBuildFile; fileRef = 89C8F44D1BC565E7006943DA /* JSONModelError.m */; };
		89C8F4621BC565E7006943DA /* NSArray+JSONModel.m in Sources */ = {isa = PBXBuildFile; fileRef = 89C8F4501BC565E7006943DA /* NSArray+JSONModel.m */; };
		89C8F4631BC565E7006943DA /* JSONAPI.m in Sources */ = {isa = PBXBuildFile; fileRef = 89C8F4541BC565E7006943DA /* JSONAPI.m */; };
		89C8F4641BC565E7006943DA /* JSONHTTPClient.m in Sources */ = {isa = PBXBuildFile; fileRef = 89C8F4561BC565E7006943DA /* JSONHTTPClient.m */; };
		89C8F4651BC565E7006943DA /* JSONModel+networking.m in Sources */ = {isa = PBXBuildFile; fileRef = 89C8F4581BC565E7006943DA /* JSONModel+networking.m */; };
		89C8F4661BC565E7006943DA /* JSONKeyMapper.m in Sources */ = {isa = PBXBuildFile; fileRef = 89C8F45B1BC565E7006943DA /* JSONKeyMapper.m */; };
		89C8F4671BC565E7006943DA /* JSONValueTransformer.m in Sources */ = {isa = PBXBuildFile; fileRef = 89C8F45D1BC565E7006943DA /* JSONValueTransformer.m */; };
		89F4B4861BB33047005A7058 /* main.m in Sources */ = {isa = PBXBuildFile; fileRef = 89F4B4851BB33047005A7058 /* main.m */; };
		89F4B4891BB33047005A7058 /* AppDelegate.m in Sources */ = {isa = PBXBuildFile; fileRef = 89F4B4881BB33047005A7058 /* AppDelegate.m */; };
		89F4B4911BB33047005A7058 /* Assets.xcassets in Resources */ = {isa = PBXBuildFile; fileRef = 89F4B4901BB33047005A7058 /* Assets.xcassets */; };
		89F4B49C1BB33047005A7058 /* desafio_tvosTests.m in Sources */ = {isa = PBXBuildFile; fileRef = 89F4B49B1BB33047005A7058 /* desafio_tvosTests.m */; };
/* End PBXBuildFile section */

/* Begin PBXContainerItemProxy section */
		89F4B4981BB33047005A7058 /* PBXContainerItemProxy */ = {
			isa = PBXContainerItemProxy;
			containerPortal = 89F4B4791BB33046005A7058 /* Project object */;
			proxyType = 1;
			remoteGlobalIDString = 89F4B4801BB33046005A7058;
			remoteInfo = "desafio-tvos";
		};
/* End PBXContainerItemProxy section */

/* Begin PBXFileReference section */
		28A785B11BC3148E00E309E5 /* ShotViewController.h */ = {isa = PBXFileReference; fileEncoding = 4; lastKnownFileType = sourcecode.c.h; path = ShotViewController.h; sourceTree = "<group>"; };
		28A785B21BC3148E00E309E5 /* ShotViewController.m */ = {isa = PBXFileReference; fileEncoding = 4; lastKnownFileType = sourcecode.c.objc; path = ShotViewController.m; sourceTree = "<group>"; };
		28B4C1E51BC2F90C0059C73B /* ListRecentShotsViewController.h */ = {isa = PBXFileReference; fileEncoding = 4; lastKnownFileType = sourcecode.c.h; path = ListRecentShotsViewController.h; sourceTree = "<group>"; };
		28B4C1E61BC2F90C0059C73B /* ListRecentShotsViewController.m */ = {isa = PBXFileReference; fileEncoding = 4; lastKnownFileType = sourcecode.c.objc; path = ListRecentShotsViewController.m; sourceTree = "<group>"; };
		8975A2541BB337510012C1E1 /* Base */ = {isa = PBXFileReference; lastKnownFileType = file.storyboard; name = Base; path = Base.lproj/Main.storyboard; sourceTree = "<group>"; };
		8975A2561BB3384F0012C1E1 /* Models.h */ = {isa = PBXFileReference; lastKnownFileType = sourcecode.c.h; path = Models.h; sourceTree = "<group>"; };
		8975A2571BB3397A0012C1E1 /* ShotModel.h */ = {isa = PBXFileReference; fileEncoding = 4; lastKnownFileType = sourcecode.c.h; path = ShotModel.h; sourceTree = "<group>"; };
		8975A2581BB3397A0012C1E1 /* ShotModel.m */ = {isa = PBXFileReference; fileEncoding = 4; lastKnownFileType = sourcecode.c.objc; path = ShotModel.m; sourceTree = "<group>"; };
		8975A25A1BB33DC10012C1E1 /* Services.h */ = {isa = PBXFileReference; fileEncoding = 4; lastKnownFileType = sourcecode.c.h; path = Services.h; sourceTree = "<group>"; };
		8975A25B1BB33DC10012C1E1 /* Services.m */ = {isa = PBXFileReference; fileEncoding = 4; lastKnownFileType = sourcecode.c.objc; path = Services.m; sourceTree = "<group>"; };
		8975A25D1BB33E670012C1E1 /* CommonDefines.h */ = {isa = PBXFileReference; lastKnownFileType = sourcecode.c.h; path = CommonDefines.h; sourceTree = "<group>"; };
		8975A25F1BB33FE20012C1E1 /* ShotsService.m */ = {isa = PBXFileReference; fileEncoding = 4; lastKnownFileType = sourcecode.c.objc; path = ShotsService.m; sourceTree = "<group>"; };
		8975A2611BB347EE0012C1E1 /* ListPopularShotsViewController.h */ = {isa = PBXFileReference; fileEncoding = 4; lastKnownFileType = sourcecode.c.h; path = ListPopularShotsViewController.h; sourceTree = "<group>"; };
		8975A2621BB347EE0012C1E1 /* ListPopularShotsViewController.m */ = {isa = PBXFileReference; fileEncoding = 4; lastKnownFileType = sourcecode.c.objc; path = ListPopularShotsViewController.m; sourceTree = "<group>"; };
		8981DCB01BB5ABA400AD9749 /* ShotCollectionViewCell.h */ = {isa = PBXFileReference; fileEncoding = 4; lastKnownFileType = sourcecode.c.h; path = ShotCollectionViewCell.h; sourceTree = "<group>"; };
		8981DCB11BB5ABA400AD9749 /* ShotCollectionViewCell.m */ = {isa = PBXFileReference; fileEncoding = 4; lastKnownFileType = sourcecode.c.objc; path = ShotCollectionViewCell.m; sourceTree = "<group>"; };
		89B5FA461BBB3201007668F6 /* ShotCollectionViewCell.xib */ = {isa = PBXFileReference; fileEncoding = 4; lastKnownFileType = file.xib; path = ShotCollectionViewCell.xib; sourceTree = "<group>"; };
		89C8F4461BC565E7006943DA /* JSONModel.h */ = {isa = PBXFileReference; fileEncoding = 4; lastKnownFileType = sourcecode.c.h; path = JSONModel.h; sourceTree = "<group>"; };
		89C8F4471BC565E7006943DA /* JSONModel.m */ = {isa = PBXFileReference; fileEncoding = 4; lastKnownFileType = sourcecode.c.objc; path = JSONModel.m; sourceTree = "<group>"; };
		89C8F4481BC565E7006943DA /* JSONModelArray.h */ = {isa = PBXFileReference; fileEncoding = 4; lastKnownFileType = sourcecode.c.h; path = JSONModelArray.h; sourceTree = "<group>"; };
		89C8F4491BC565E7006943DA /* JSONModelArray.m */ = {isa = PBXFileReference; fileEncoding = 4; lastKnownFileType = sourcecode.c.objc; path = JSONModelArray.m; sourceTree = "<group>"; };
		89C8F44A1BC565E7006943DA /* JSONModelClassProperty.h */ = {isa = PBXFileReference; fileEncoding = 4; lastKnownFileType = sourcecode.c.h; path = JSONModelClassProperty.h; sourceTree = "<group>"; };
		89C8F44B1BC565E7006943DA /* JSONModelClassProperty.m */ = {isa = PBXFileReference; fileEncoding = 4; lastKnownFileType = sourcecode.c.objc; path = JSONModelClassProperty.m; sourceTree = "<group>"; };
		89C8F44C1BC565E7006943DA /* JSONModelError.h */ = {isa = PBXFileReference; fileEncoding = 4; lastKnownFileType = sourcecode.c.h; path = JSONModelError.h; sourceTree = "<group>"; };
		89C8F44D1BC565E7006943DA /* JSONModelError.m */ = {isa = PBXFileReference; fileEncoding = 4; lastKnownFileType = sourcecode.c.objc; path = JSONModelError.m; sourceTree = "<group>"; };
		89C8F44F1BC565E7006943DA /* NSArray+JSONModel.h */ = {isa = PBXFileReference; fileEncoding = 4; lastKnownFileType = sourcecode.c.h; path = "NSArray+JSONModel.h"; sourceTree = "<group>"; };
		89C8F4501BC565E7006943DA /* NSArray+JSONModel.m */ = {isa = PBXFileReference; fileEncoding = 4; lastKnownFileType = sourcecode.c.objc; path = "NSArray+JSONModel.m"; sourceTree = "<group>"; };
		89C8F4511BC565E7006943DA /* JSONModelLib.h */ = {isa = PBXFileReference; fileEncoding = 4; lastKnownFileType = sourcecode.c.h; path = JSONModelLib.h; sourceTree = "<group>"; };
		89C8F4531BC565E7006943DA /* JSONAPI.h */ = {isa = PBXFileReference; fileEncoding = 4; lastKnownFileType = sourcecode.c.h; path = JSONAPI.h; sourceTree = "<group>"; };
		89C8F4541BC565E7006943DA /* JSONAPI.m */ = {isa = PBXFileReference; fileEncoding = 4; lastKnownFileType = sourcecode.c.objc; path = JSONAPI.m; sourceTree = "<group>"; };
		89C8F4551BC565E7006943DA /* JSONHTTPClient.h */ = {isa = PBXFileReference; fileEncoding = 4; lastKnownFileType = sourcecode.c.h; path = JSONHTTPClient.h; sourceTree = "<group>"; };
		89C8F4561BC565E7006943DA /* JSONHTTPClient.m */ = {isa = PBXFileReference; fileEncoding = 4; lastKnownFileType = sourcecode.c.objc; path = JSONHTTPClient.m; sourceTree = "<group>"; };
		89C8F4571BC565E7006943DA /* JSONModel+networking.h */ = {isa = PBXFileReference; fileEncoding = 4; lastKnownFileType = sourcecode.c.h; path = "JSONModel+networking.h"; sourceTree = "<group>"; };
		89C8F4581BC565E7006943DA /* JSONModel+networking.m */ = {isa = PBXFileReference; fileEncoding = 4; lastKnownFileType = sourcecode.c.objc; path = "JSONModel+networking.m"; sourceTree = "<group>"; };
		89C8F45A1BC565E7006943DA /* JSONKeyMapper.h */ = {isa = PBXFileReference; fileEncoding = 4; lastKnownFileType = sourcecode.c.h; path = JSONKeyMapper.h; sourceTree = "<group>"; };
		89C8F45B1BC565E7006943DA /* JSONKeyMapper.m */ = {isa = PBXFileReference; fileEncoding = 4; lastKnownFileType = sourcecode.c.objc; path = JSONKeyMapper.m; sourceTree = "<group>"; };
		89C8F45C1BC565E7006943DA /* JSONValueTransformer.h */ = {isa = PBXFileReference; fileEncoding = 4; lastKnownFileType = sourcecode.c.h; path = JSONValueTransformer.h; sourceTree = "<group>"; };
		89C8F45D1BC565E7006943DA /* JSONValueTransformer.m */ = {isa = PBXFileReference; fileEncoding = 4; lastKnownFileType = sourcecode.c.objc; path = JSONValueTransformer.m; sourceTree = "<group>"; };
		89F4B4811BB33046005A7058 /* desafio-tvos.app */ = {isa = PBXFileReference; explicitFileType = wrapper.application; includeInIndex = 0; path = "desafio-tvos.app"; sourceTree = BUILT_PRODUCTS_DIR; };
		89F4B4851BB33047005A7058 /* main.m */ = {isa = PBXFileReference; lastKnownFileType = sourcecode.c.objc; path = main.m; sourceTree = "<group>"; };
		89F4B4871BB33047005A7058 /* AppDelegate.h */ = {isa = PBXFileReference; lastKnownFileType = sourcecode.c.h; path = AppDelegate.h; sourceTree = "<group>"; };
		89F4B4881BB33047005A7058 /* AppDelegate.m */ = {isa = PBXFileReference; lastKnownFileType = sourcecode.c.objc; path = AppDelegate.m; sourceTree = "<group>"; };
		89F4B4901BB33047005A7058 /* Assets.xcassets */ = {isa = PBXFileReference; lastKnownFileType = folder.assetcatalog; path = Assets.xcassets; sourceTree = "<group>"; };
		89F4B4921BB33047005A7058 /* Info.plist */ = {isa = PBXFileReference; lastKnownFileType = text.plist.xml; path = Info.plist; sourceTree = "<group>"; };
		89F4B4971BB33047005A7058 /* desafio-tvosTests.xctest */ = {isa = PBXFileReference; explicitFileType = wrapper.cfbundle; includeInIndex = 0; path = "desafio-tvosTests.xctest"; sourceTree = BUILT_PRODUCTS_DIR; };
		89F4B49B1BB33047005A7058 /* desafio_tvosTests.m */ = {isa = PBXFileReference; lastKnownFileType = sourcecode.c.objc; path = desafio_tvosTests.m; sourceTree = "<group>"; };
		89F4B49D1BB33047005A7058 /* Info.plist */ = {isa = PBXFileReference; lastKnownFileType = text.plist.xml; path = Info.plist; sourceTree = "<group>"; };
/* End PBXFileReference section */

/* Begin PBXFrameworksBuildPhase section */
		89F4B47E1BB33046005A7058 /* Frameworks */ = {
			isa = PBXFrameworksBuildPhase;
			buildActionMask = 2147483647;
			files = (
			);
			runOnlyForDeploymentPostprocessing = 0;
		};
		89F4B4941BB33047005A7058 /* Frameworks */ = {
			isa = PBXFrameworksBuildPhase;
			buildActionMask = 2147483647;
			files = (
			);
			runOnlyForDeploymentPostprocessing = 0;
		};
/* End PBXFrameworksBuildPhase section */

/* Begin PBXGroup section */
		8975A24E1BB336EC0012C1E1 /* Models */ = {
			isa = PBXGroup;
			children = (
				8975A2561BB3384F0012C1E1 /* Models.h */,
				8975A2571BB3397A0012C1E1 /* ShotModel.h */,
				8975A2581BB3397A0012C1E1 /* ShotModel.m */,
			);
			path = Models;
			sourceTree = "<group>";
		};
		8975A24F1BB336EC0012C1E1 /* Services */ = {
			isa = PBXGroup;
			children = (
				8975A25A1BB33DC10012C1E1 /* Services.h */,
				8975A25B1BB33DC10012C1E1 /* Services.m */,
				8975A25F1BB33FE20012C1E1 /* ShotsService.m */,
			);
			path = Services;
			sourceTree = "<group>";
		};
		8975A2501BB336EC0012C1E1 /* ViewControllers */ = {
			isa = PBXGroup;
			children = (
				8981DCB31BB5ABA800AD9749 /* collectionviewcell */,
				8975A2611BB347EE0012C1E1 /* ListPopularShotsViewController.h */,
				8975A2621BB347EE0012C1E1 /* ListPopularShotsViewController.m */,
				28B4C1E51BC2F90C0059C73B /* ListRecentShotsViewController.h */,
				28B4C1E61BC2F90C0059C73B /* ListRecentShotsViewController.m */,
				28A785B11BC3148E00E309E5 /* ShotViewController.h */,
				28A785B21BC3148E00E309E5 /* ShotViewController.m */,
			);
			path = ViewControllers;
			sourceTree = "<group>";
		};
		8975A2511BB337510012C1E1 /* Resources */ = {
			isa = PBXGroup;
			children = (
				89B5FA451BBB31CB007668F6 /* xibs */,
				8975A2521BB337510012C1E1 /* storyboards */,
			);
			path = Resources;
			sourceTree = "<group>";
		};
		8975A2521BB337510012C1E1 /* storyboards */ = {
			isa = PBXGroup;
			children = (
				8975A2531BB337510012C1E1 /* Main.storyboard */,
			);
			path = storyboards;
			sourceTree = "<group>";
		};
		8981DCB31BB5ABA800AD9749 /* collectionviewcell */ = {
			isa = PBXGroup;
			children = (
				8981DCB01BB5ABA400AD9749 /* ShotCollectionViewCell.h */,
				8981DCB11BB5ABA400AD9749 /* ShotCollectionViewCell.m */,
			);
			name = collectionviewcell;
			sourceTree = "<group>";
		};
		89B5FA451BBB31CB007668F6 /* xibs */ = {
			isa = PBXGroup;
			children = (
				89B5FA461BBB3201007668F6 /* ShotCollectionViewCell.xib */,
			);
			path = xibs;
			sourceTree = "<group>";
		};
		89C8F4431BC565E7006943DA /* Vendor */ = {
			isa = PBXGroup;
			children = (
				89C8F4441BC565E7006943DA /* JSONModel */,
			);
			path = Vendor;
			sourceTree = "<group>";
		};
		89C8F4441BC565E7006943DA /* JSONModel */ = {
			isa = PBXGroup;
			children = (
				89C8F4451BC565E7006943DA /* JSONModel */,
				89C8F44E1BC565E7006943DA /* JSONModelCategories */,
				89C8F4511BC565E7006943DA /* JSONModelLib.h */,
				89C8F4521BC565E7006943DA /* JSONModelNetworking */,
				89C8F4591BC565E7006943DA /* JSONModelTransformations */,
			);
			path = JSONModel;
			sourceTree = "<group>";
		};
		89C8F4451BC565E7006943DA /* JSONModel */ = {
			isa = PBXGroup;
			children = (
				89C8F4461BC565E7006943DA /* JSONModel.h */,
				89C8F4471BC565E7006943DA /* JSONModel.m */,
				89C8F4481BC565E7006943DA /* JSONModelArray.h */,
				89C8F4491BC565E7006943DA /* JSONModelArray.m */,
				89C8F44A1BC565E7006943DA /* JSONModelClassProperty.h */,
				89C8F44B1BC565E7006943DA /* JSONModelClassProperty.m */,
				89C8F44C1BC565E7006943DA /* JSONModelError.h */,
				89C8F44D1BC565E7006943DA /* JSONModelError.m */,
			);
			path = JSONModel;
			sourceTree = "<group>";
		};
		89C8F44E1BC565E7006943DA /* JSONModelCategories */ = {
			isa = PBXGroup;
			children = (
				89C8F44F1BC565E7006943DA /* NSArray+JSONModel.h */,
				89C8F4501BC565E7006943DA /* NSArray+JSONModel.m */,
			);
			path = JSONModelCategories;
			sourceTree = "<group>";
		};
		89C8F4521BC565E7006943DA /* JSONModelNetworking */ = {
			isa = PBXGroup;
			children = (
				89C8F4531BC565E7006943DA /* JSONAPI.h */,
				89C8F4541BC565E7006943DA /* JSONAPI.m */,
				89C8F4551BC565E7006943DA /* JSONHTTPClient.h */,
				89C8F4561BC565E7006943DA /* JSONHTTPClient.m */,
				89C8F4571BC565E7006943DA /* JSONModel+networking.h */,
				89C8F4581BC565E7006943DA /* JSONModel+networking.m */,
			);
			path = JSONModelNetworking;
			sourceTree = "<group>";
		};
		89C8F4591BC565E7006943DA /* JSONModelTransformations */ = {
			isa = PBXGroup;
			children = (
				89C8F45A1BC565E7006943DA /* JSONKeyMapper.h */,
				89C8F45B1BC565E7006943DA /* JSONKeyMapper.m */,
				89C8F45C1BC565E7006943DA /* JSONValueTransformer.h */,
				89C8F45D1BC565E7006943DA /* JSONValueTransformer.m */,
			);
			path = JSONModelTransformations;
			sourceTree = "<group>";
		};
		89F4B4781BB33046005A7058 = {
			isa = PBXGroup;
			children = (
				89F4B4831BB33046005A7058 /* desafio-tvos */,
				89F4B49A1BB33047005A7058 /* desafio-tvosTests */,
				89F4B4821BB33046005A7058 /* Products */,
			);
			sourceTree = "<group>";
		};
		89F4B4821BB33046005A7058 /* Products */ = {
			isa = PBXGroup;
			children = (
				89F4B4811BB33046005A7058 /* desafio-tvos.app */,
				89F4B4971BB33047005A7058 /* desafio-tvosTests.xctest */,
			);
			name = Products;
			sourceTree = "<group>";
		};
		89F4B4831BB33046005A7058 /* desafio-tvos */ = {
			isa = PBXGroup;
			children = (
				89C8F4431BC565E7006943DA /* Vendor */,
				8975A2511BB337510012C1E1 /* Resources */,
				8975A24E1BB336EC0012C1E1 /* Models */,
				8975A24F1BB336EC0012C1E1 /* Services */,
				8975A2501BB336EC0012C1E1 /* ViewControllers */,
				89F4B4871BB33047005A7058 /* AppDelegate.h */,
				89F4B4881BB33047005A7058 /* AppDelegate.m */,
				89F4B4901BB33047005A7058 /* Assets.xcassets */,
				89F4B4921BB33047005A7058 /* Info.plist */,
				89F4B4841BB33046005A7058 /* Supporting Files */,
			);
			path = "desafio-tvos";
			sourceTree = "<group>";
		};
		89F4B4841BB33046005A7058 /* Supporting Files */ = {
			isa = PBXGroup;
			children = (
				89F4B4851BB33047005A7058 /* main.m */,
				8975A25D1BB33E670012C1E1 /* CommonDefines.h */,
			);
			name = "Supporting Files";
			sourceTree = "<group>";
		};
		89F4B49A1BB33047005A7058 /* desafio-tvosTests */ = {
			isa = PBXGroup;
			children = (
				89F4B49B1BB33047005A7058 /* desafio_tvosTests.m */,
				89F4B49D1BB33047005A7058 /* Info.plist */,
			);
			path = "desafio-tvosTests";
			sourceTree = "<group>";
		};
/* End PBXGroup section */

/* Begin PBXNativeTarget section */
		89F4B4801BB33046005A7058 /* desafio-tvos */ = {
			isa = PBXNativeTarget;
			buildConfigurationList = 89F4B4A01BB33047005A7058 /* Build configuration list for PBXNativeTarget "desafio-tvos" */;
			buildPhases = (
				89F4B47D1BB33046005A7058 /* Sources */,
				89F4B47E1BB33046005A7058 /* Frameworks */,
				89F4B47F1BB33046005A7058 /* Resources */,
			);
			buildRules = (
			);
			dependencies = (
			);
			name = "desafio-tvos";
			productName = "desafio-tvos";
			productReference = 89F4B4811BB33046005A7058 /* desafio-tvos.app */;
			productType = "com.apple.product-type.application";
		};
		89F4B4961BB33047005A7058 /* desafio-tvosTests */ = {
			isa = PBXNativeTarget;
			buildConfigurationList = 89F4B4A31BB33047005A7058 /* Build configuration list for PBXNativeTarget "desafio-tvosTests" */;
			buildPhases = (
				89F4B4931BB33047005A7058 /* Sources */,
				89F4B4941BB33047005A7058 /* Frameworks */,
				89F4B4951BB33047005A7058 /* Resources */,
			);
			buildRules = (
			);
			dependencies = (
				89F4B4991BB33047005A7058 /* PBXTargetDependency */,
			);
			name = "desafio-tvosTests";
			productName = "desafio-tvosTests";
			productReference = 89F4B4971BB33047005A7058 /* desafio-tvosTests.xctest */;
			productType = "com.apple.product-type.bundle.unit-test";
		};
/* End PBXNativeTarget section */

/* Begin PBXProject section */
		89F4B4791BB33046005A7058 /* Project object */ = {
			isa = PBXProject;
			attributes = {
				LastUpgradeCheck = 0710;
				ORGANIZATIONNAME = "Concrete Solutions";
				TargetAttributes = {
					89F4B4801BB33046005A7058 = {
						CreatedOnToolsVersion = 7.1;
					};
					89F4B4961BB33047005A7058 = {
						CreatedOnToolsVersion = 7.1;
						TestTargetID = 89F4B4801BB33046005A7058;
					};
				};
			};
			buildConfigurationList = 89F4B47C1BB33046005A7058 /* Build configuration list for PBXProject "desafio-tvos" */;
			compatibilityVersion = "Xcode 3.2";
			developmentRegion = English;
			hasScannedForEncodings = 0;
			knownRegions = (
				en,
				Base,
			);
			mainGroup = 89F4B4781BB33046005A7058;
			productRefGroup = 89F4B4821BB33046005A7058 /* Products */;
			projectDirPath = "";
			projectRoot = "";
			targets = (
				89F4B4801BB33046005A7058 /* desafio-tvos */,
				89F4B4961BB33047005A7058 /* desafio-tvosTests */,
			);
		};
/* End PBXProject section */

/* Begin PBXResourcesBuildPhase section */
		89F4B47F1BB33046005A7058 /* Resources */ = {
			isa = PBXResourcesBuildPhase;
			buildActionMask = 2147483647;
			files = (
				8975A2551BB337510012C1E1 /* Main.storyboard in Resources */,
				89F4B4911BB33047005A7058 /* Assets.xcassets in Resources */,
				89B5FA471BBB3201007668F6 /* ShotCollectionViewCell.xib in Resources */,
			);
			runOnlyForDeploymentPostprocessing = 0;
		};
		89F4B4951BB33047005A7058 /* Resources */ = {
			isa = PBXResourcesBuildPhase;
			buildActionMask = 2147483647;
			files = (
			);
			runOnlyForDeploymentPostprocessing = 0;
		};
/* End PBXResourcesBuildPhase section */

/* Begin PBXSourcesBuildPhase section */
		89F4B47D1BB33046005A7058 /* Sources */ = {
			isa = PBXSourcesBuildPhase;
			buildActionMask = 2147483647;
			files = (
				8975A2591BB3397A0012C1E1 /* ShotModel.m in Sources */,
				8975A25C1BB33DC10012C1E1 /* Services.m in Sources */,
				89C8F4651BC565E7006943DA /* JSONModel+networking.m in Sources */,
				8975A2601BB33FE20012C1E1 /* ShotsService.m in Sources */,
				89F4B4891BB33047005A7058 /* AppDelegate.m in Sources */,
				89C8F4641BC565E7006943DA /* JSONHTTPClient.m in Sources */,
				8975A2631BB347EE0012C1E1 /* ListPopularShotsViewController.m in Sources */,
				89C8F4601BC565E7006943DA /* JSONModelClassProperty.m in Sources */,
				89C8F4671BC565E7006943DA /* JSONValueTransformer.m in Sources */,
				8981DCB21BB5ABA400AD9749 /* ShotCollectionViewCell.m in Sources */,
				89F4B4861BB33047005A7058 /* main.m in Sources */,
				89C8F4631BC565E7006943DA /* JSONAPI.m in Sources */,
				89C8F4621BC565E7006943DA /* NSArray+JSONModel.m in Sources */,
				89C8F4661BC565E7006943DA /* JSONKeyMapper.m in Sources */,
				28A785B31BC3148E00E309E5 /* ShotViewController.m in Sources */,
				28B4C1E71BC2F90C0059C73B /* ListRecentShotsViewController.m in Sources */,
				89C8F4611BC565E7006943DA /* JSONModelError.m in Sources */,
				89C8F45E1BC565E7006943DA /* JSONModel.m in Sources */,
				89C8F45F1BC565E7006943DA /* JSONModelArray.m in Sources */,
			);
			runOnlyForDeploymentPostprocessing = 0;
		};
		89F4B4931BB33047005A7058 /* Sources */ = {
			isa = PBXSourcesBuildPhase;
			buildActionMask = 2147483647;
			files = (
				89F4B49C1BB33047005A7058 /* desafio_tvosTests.m in Sources */,
			);
			runOnlyForDeploymentPostprocessing = 0;
		};
/* End PBXSourcesBuildPhase section */

/* Begin PBXTargetDependency section */
		89F4B4991BB33047005A7058 /* PBXTargetDependency */ = {
			isa = PBXTargetDependency;
			target = 89F4B4801BB33046005A7058 /* desafio-tvos */;
			targetProxy = 89F4B4981BB33047005A7058 /* PBXContainerItemProxy */;
		};
/* End PBXTargetDependency section */

/* Begin PBXVariantGroup section */
		8975A2531BB337510012C1E1 /* Main.storyboard */ = {
			isa = PBXVariantGroup;
			children = (
				8975A2541BB337510012C1E1 /* Base */,
			);
			name = Main.storyboard;
			sourceTree = "<group>";
		};
/* End PBXVariantGroup section */

/* Begin XCBuildConfiguration section */
		89F4B49E1BB33047005A7058 /* Debug */ = {
			isa = XCBuildConfiguration;
			buildSettings = {
				ALWAYS_SEARCH_USER_PATHS = NO;
				CLANG_CXX_LANGUAGE_STANDARD = "gnu++0x";
				CLANG_CXX_LIBRARY = "libc++";
				CLANG_ENABLE_MODULES = YES;
				CLANG_ENABLE_OBJC_ARC = YES;
				CLANG_WARN_BOOL_CONVERSION = YES;
				CLANG_WARN_CONSTANT_CONVERSION = YES;
				CLANG_WARN_DIRECT_OBJC_ISA_USAGE = YES_ERROR;
				CLANG_WARN_EMPTY_BODY = YES;
				CLANG_WARN_ENUM_CONVERSION = YES;
				CLANG_WARN_INT_CONVERSION = YES;
				CLANG_WARN_OBJC_ROOT_CLASS = YES_ERROR;
				CLANG_WARN_UNREACHABLE_CODE = YES;
				CLANG_WARN__DUPLICATE_METHOD_MATCH = YES;
				COPY_PHASE_STRIP = NO;
				DEBUG_INFORMATION_FORMAT = dwarf;
				ENABLE_STRICT_OBJC_MSGSEND = YES;
				ENABLE_TESTABILITY = YES;
				GCC_C_LANGUAGE_STANDARD = gnu99;
				GCC_DYNAMIC_NO_PIC = NO;
				GCC_NO_COMMON_BLOCKS = YES;
				GCC_OPTIMIZATION_LEVEL = 0;
				GCC_PREPROCESSOR_DEFINITIONS = (
					"DEBUG=1",
					"$(inherited)",
				);
				GCC_WARN_64_TO_32_BIT_CONVERSION = YES;
				GCC_WARN_ABOUT_RETURN_TYPE = YES_ERROR;
				GCC_WARN_UNDECLARED_SELECTOR = YES;
				GCC_WARN_UNINITIALIZED_AUTOS = YES_AGGRESSIVE;
				GCC_WARN_UNUSED_FUNCTION = YES;
				GCC_WARN_UNUSED_VARIABLE = YES;
				MTL_ENABLE_DEBUG_INFO = YES;
				ONLY_ACTIVE_ARCH = YES;
				SDKROOT = appletvos;
				TARGETED_DEVICE_FAMILY = 3;
				TVOS_DEPLOYMENT_TARGET = 9.0;
			};
			name = Debug;
		};
		89F4B49F1BB33047005A7058 /* Release */ = {
			isa = XCBuildConfiguration;
			buildSettings = {
				ALWAYS_SEARCH_USER_PATHS = NO;
				CLANG_CXX_LANGUAGE_STANDARD = "gnu++0x";
				CLANG_CXX_LIBRARY = "libc++";
				CLANG_ENABLE_MODULES = YES;
				CLANG_ENABLE_OBJC_ARC = YES;
				CLANG_WARN_BOOL_CONVERSION = YES;
				CLANG_WARN_CONSTANT_CONVERSION = YES;
				CLANG_WARN_DIRECT_OBJC_ISA_USAGE = YES_ERROR;
				CLANG_WARN_EMPTY_BODY = YES;
				CLANG_WARN_ENUM_CONVERSION = YES;
				CLANG_WARN_INT_CONVERSION = YES;
				CLANG_WARN_OBJC_ROOT_CLASS = YES_ERROR;
				CLANG_WARN_UNREACHABLE_CODE = YES;
				CLANG_WARN__DUPLICATE_METHOD_MATCH = YES;
				COPY_PHASE_STRIP = NO;
				DEBUG_INFORMATION_FORMAT = "dwarf-with-dsym";
				ENABLE_NS_ASSERTIONS = NO;
				ENABLE_STRICT_OBJC_MSGSEND = YES;
				GCC_C_LANGUAGE_STANDARD = gnu99;
				GCC_NO_COMMON_BLOCKS = YES;
				GCC_WARN_64_TO_32_BIT_CONVERSION = YES;
				GCC_WARN_ABOUT_RETURN_TYPE = YES_ERROR;
				GCC_WARN_UNDECLARED_SELECTOR = YES;
				GCC_WARN_UNINITIALIZED_AUTOS = YES_AGGRESSIVE;
				GCC_WARN_UNUSED_FUNCTION = YES;
				GCC_WARN_UNUSED_VARIABLE = YES;
				MTL_ENABLE_DEBUG_INFO = NO;
				SDKROOT = appletvos;
				TARGETED_DEVICE_FAMILY = 3;
				TVOS_DEPLOYMENT_TARGET = 9.0;
				VALIDATE_PRODUCT = YES;
			};
			name = Release;
		};
		89F4B4A11BB33047005A7058 /* Debug */ = {
			isa = XCBuildConfiguration;
			buildSettings = {
				ASSETCATALOG_COMPILER_APPICON_NAME = "Brand Assets";
				ASSETCATALOG_COMPILER_LAUNCHIMAGE_NAME = LaunchImage;
				CODE_SIGN_IDENTITY = "iPhone Developer";
				INFOPLIST_FILE = "desafio-tvos/Info.plist";
				LD_RUNPATH_SEARCH_PATHS = "$(inherited) @executable_path/Frameworks";
				LIBRARY_SEARCH_PATHS = (
					"$(inherited)",
					"$(PROJECT_DIR)/build/Debug-iphoneos",
				);
				ONLY_ACTIVE_ARCH = NO;
				PRODUCT_BUNDLE_IDENTIFIER = "br.com.concretesolutions.desafio-tvos";
				PRODUCT_NAME = "$(TARGET_NAME)";
				SUPPORTED_PLATFORMS = "appletvsimulator appletvos";
			};
			name = Debug;
		};
		89F4B4A21BB33047005A7058 /* Release */ = {
			isa = XCBuildConfiguration;
			buildSettings = {
				ASSETCATALOG_COMPILER_APPICON_NAME = "Brand Assets";
				ASSETCATALOG_COMPILER_LAUNCHIMAGE_NAME = LaunchImage;
				CODE_SIGN_IDENTITY = "iPhone Developer";
				INFOPLIST_FILE = "desafio-tvos/Info.plist";
				LD_RUNPATH_SEARCH_PATHS = "$(inherited) @executable_path/Frameworks";
				LIBRARY_SEARCH_PATHS = (
					"$(inherited)",
					"$(PROJECT_DIR)/build/Debug-iphoneos",
				);
				PRODUCT_BUNDLE_IDENTIFIER = "br.com.concretesolutions.desafio-tvos";
				PRODUCT_NAME = "$(TARGET_NAME)";
				SUPPORTED_PLATFORMS = "appletvsimulator appletvos";
			};
			name = Release;
		};
		89F4B4A41BB33047005A7058 /* Debug */ = {
			isa = XCBuildConfiguration;
			buildSettings = {
				BUNDLE_LOADER = "$(TEST_HOST)";
				INFOPLIST_FILE = "desafio-tvosTests/Info.plist";
				LD_RUNPATH_SEARCH_PATHS = "$(inherited) @executable_path/Frameworks @loader_path/Frameworks";
				PRODUCT_BUNDLE_IDENTIFIER = "br.com.concretesolutions.desafio-tvosTests";
				PRODUCT_NAME = "$(TARGET_NAME)";
				TEST_HOST = "$(BUILT_PRODUCTS_DIR)/desafio-tvos.app/desafio-tvos";
			};
			name = Debug;
		};
		89F4B4A51BB33047005A7058 /* Release */ = {
			isa = XCBuildConfiguration;
			buildSettings = {
				BUNDLE_LOADER = "$(TEST_HOST)";
				INFOPLIST_FILE = "desafio-tvosTests/Info.plist";
				LD_RUNPATH_SEARCH_PATHS = "$(inherited) @executable_path/Frameworks @loader_path/Frameworks";
				PRODUCT_BUNDLE_IDENTIFIER = "br.com.concretesolutions.desafio-tvosTests";
				PRODUCT_NAME = "$(TARGET_NAME)";
				TEST_HOST = "$(BUILT_PRODUCTS_DIR)/desafio-tvos.app/desafio-tvos";
			};
			name = Release;
		};
/* End XCBuildConfiguration section */

/* Begin XCConfigurationList section */
		89F4B47C1BB33046005A7058 /* Build configuration list for PBXProject "desafio-tvos" */ = {
			isa = XCConfigurationList;
			buildConfigurations = (
				89F4B49E1BB33047005A7058 /* Debug */,
				89F4B49F1BB33047005A7058 /* Release */,
			);
			defaultConfigurationIsVisible = 0;
			defaultConfigurationName = Release;
		};
		89F4B4A01BB33047005A7058 /* Build configuration list for PBXNativeTarget "desafio-tvos" */ = {
			isa = XCConfigurationList;
			buildConfigurations = (
				89F4B4A11BB33047005A7058 /* Debug */,
				89F4B4A21BB33047005A7058 /* Release */,
			);
			defaultConfigurationIsVisible = 0;
			defaultConfigurationName = Release;
		};
		89F4B4A31BB33047005A7058 /* Build configuration list for PBXNativeTarget "desafio-tvosTests" */ = {
			isa = XCConfigurationList;
			buildConfigurations = (
				89F4B4A41BB33047005A7058 /* Debug */,
				89F4B4A51BB33047005A7058 /* Release */,
			);
			defaultConfigurationIsVisible = 0;
			defaultConfigurationName = Release;
		};
/* End XCConfigurationList section */
	};
	rootObject = 89F4B4791BB33046005A7058 /* Project object */;
}
